
Microsoft Visual Studio Solution File, Format Version 12.00
# Visual Studio Version 17
VisualStudioVersion = 17.9.34622.214
MinimumVisualStudioVersion = 10.0.40219.1
Project("{FAE04EC0-301F-11D3-BF4B-00C04F79EFBC}") = "ToDoListMAUI", "ToDoListMAUI\ToDoListMAUI.csproj", "{857F360A-3332-4619-9BA8-D38FD57DA0EB}"
EndProject
Global
	GlobalSection(SolutionConfigurationPlatforms) = preSolution
		Debug|Any CPU = Debug|Any CPU
		Release|Any CPU = Release|Any CPU
	EndGlobalSection
	GlobalSection(ProjectConfigurationPlatforms) = postSolution
		{857F360A-3332-4619-9BA8-D38FD57DA0EB}.Debug|Any CPU.ActiveCfg = Debug|Any CPU
		{857F360A-3332-4619-9BA8-D38FD57DA0EB}.Debug|Any CPU.Build.0 = Debug|Any CPU
		{857F360A-3332-4619-9BA8-D38FD57DA0EB}.Debug|Any CPU.Deploy.0 = Debug|Any CPU
		{857F360A-3332-4619-9BA8-D38FD57DA0EB}.Release|Any CPU.ActiveCfg = Release|Any CPU
		{857F360A-3332-4619-9BA8-D38FD57DA0EB}.Release|Any CPU.Build.0 = Release|Any CPU
		{857F360A-3332-4619-9BA8-D38FD57DA0EB}.Release|Any CPU.Deploy.0 = Release|Any CPU
	EndGlobalSection
	GlobalSection(SolutionProperties) = preSolution
		HideSolutionNode = FALSE
	EndGlobalSection
	GlobalSection(ExtensibilityGlobals) = postSolution
		SolutionGuid = {42A653DD-CD00-4728-ACB5-96BC7C5A9B71}
	EndGlobalSection
EndGlobal
